
Microsoft Visual Studio Solution File, Format Version 12.00
# Visual Studio Version 17
VisualStudioVersion = 17.0.31912.275
MinimumVisualStudioVersion = 10.0.40219.1
Project("{9A19103F-16F7-4668-BE54-9A1E7A4F7556}") = "GroupA.API", "GroupA.API\GroupA.API.csproj", "{4858C08E-B353-4B9F-B89A-C55D8E32E9D6}"
EndProject
Project("{54A90642-561A-4BB1-A94E-469ADEE60C69}") = "groupa.frontend", "GroupA.FrontEnd\groupa.frontend.esproj", "{36BF1222-B860-47B0-A1E6-734740770CC2}"
EndProject
Project("{E53339B2-1760-4266-BCC7-CA923CBCF16C}") = "GroupA.Compose", "GroupA.Compose.dcproj", "{76B4FB9E-03BA-4D36-8B04-9E728089451E}"
EndProject
Project("{2150E333-8FDC-42A3-9474-1A3956D46DE8}") = "BackEnd", "BackEnd", "{E0306695-B2F7-4F57-A7CD-CCE305C17447}"
EndProject
Project("{2150E333-8FDC-42A3-9474-1A3956D46DE8}") = "FrontEnd", "FrontEnd", "{8C179F7A-B3B8-4E1D-9437-6778D64F4CB8}"
EndProject
Project("{9A19103F-16F7-4668-BE54-9A1E7A4F7556}") = "GroupA.Application", "GroupA.Application\GroupA.Application.csproj", "{561B4332-4968-497C-B2D3-802D5BAC3E77}"
EndProject
Project("{9A19103F-16F7-4668-BE54-9A1E7A4F7556}") = "GroupA.Domain", "GroupA.Domain\GroupA.Domain.csproj", "{C9483AEB-491F-4A7D-98E2-84C30E3A4AD0}"
EndProject
Project("{9A19103F-16F7-4668-BE54-9A1E7A4F7556}") = "GroupA.Infrastructure", "GroupA.Infrastructure\GroupA.Infrastructure.csproj", "{4E917918-693A-4522-970A-09A17A4FC1BE}"
EndProject
Project("{FAE04EC0-301F-11D3-BF4B-00C04F79EFBC}") = "GroupA.Teste", "GroupA.Teste\GroupA.Teste.csproj", "{C249780E-E225-486B-902F-C19F0A4F79BE}"
EndProject
Global
	GlobalSection(SolutionConfigurationPlatforms) = preSolution
		Debug|Any CPU = Debug|Any CPU
		Release|Any CPU = Release|Any CPU
	EndGlobalSection
	GlobalSection(ProjectConfigurationPlatforms) = postSolution
		{4858C08E-B353-4B9F-B89A-C55D8E32E9D6}.Debug|Any CPU.ActiveCfg = Debug|Any CPU
		{4858C08E-B353-4B9F-B89A-C55D8E32E9D6}.Debug|Any CPU.Build.0 = Debug|Any CPU
		{4858C08E-B353-4B9F-B89A-C55D8E32E9D6}.Release|Any CPU.ActiveCfg = Release|Any CPU
		{4858C08E-B353-4B9F-B89A-C55D8E32E9D6}.Release|Any CPU.Build.0 = Release|Any CPU
		{36BF1222-B860-47B0-A1E6-734740770CC2}.Debug|Any CPU.ActiveCfg = Debug|Any CPU
		{36BF1222-B860-47B0-A1E6-734740770CC2}.Debug|Any CPU.Build.0 = Debug|Any CPU
		{36BF1222-B860-47B0-A1E6-734740770CC2}.Release|Any CPU.ActiveCfg = Release|Any CPU
		{36BF1222-B860-47B0-A1E6-734740770CC2}.Release|Any CPU.Build.0 = Release|Any CPU
		{36BF1222-B860-47B0-A1E6-734740770CC2}.Release|Any CPU.Deploy.0 = Release|Any CPU
		{76B4FB9E-03BA-4D36-8B04-9E728089451E}.Debug|Any CPU.ActiveCfg = Debug|Any CPU
		{76B4FB9E-03BA-4D36-8B04-9E728089451E}.Debug|Any CPU.Build.0 = Debug|Any CPU
		{76B4FB9E-03BA-4D36-8B04-9E728089451E}.Release|Any CPU.ActiveCfg = Release|Any CPU
		{76B4FB9E-03BA-4D36-8B04-9E728089451E}.Release|Any CPU.Build.0 = Release|Any CPU
		{561B4332-4968-497C-B2D3-802D5BAC3E77}.Debug|Any CPU.ActiveCfg = Debug|Any CPU
		{561B4332-4968-497C-B2D3-802D5BAC3E77}.Debug|Any CPU.Build.0 = Debug|Any CPU
		{561B4332-4968-497C-B2D3-802D5BAC3E77}.Release|Any CPU.ActiveCfg = Release|Any CPU
		{561B4332-4968-497C-B2D3-802D5BAC3E77}.Release|Any CPU.Build.0 = Release|Any CPU
		{C9483AEB-491F-4A7D-98E2-84C30E3A4AD0}.Debug|Any CPU.ActiveCfg = Debug|Any CPU
		{C9483AEB-491F-4A7D-98E2-84C30E3A4AD0}.Debug|Any CPU.Build.0 = Debug|Any CPU
		{C9483AEB-491F-4A7D-98E2-84C30E3A4AD0}.Release|Any CPU.ActiveCfg = Release|Any CPU
		{C9483AEB-491F-4A7D-98E2-84C30E3A4AD0}.Release|Any CPU.Build.0 = Release|Any CPU
		{4E917918-693A-4522-970A-09A17A4FC1BE}.Debug|Any CPU.ActiveCfg = Debug|Any CPU
		{4E917918-693A-4522-970A-09A17A4FC1BE}.Debug|Any CPU.Build.0 = Debug|Any CPU
		{4E917918-693A-4522-970A-09A17A4FC1BE}.Release|Any CPU.ActiveCfg = Release|Any CPU
		{4E917918-693A-4522-970A-09A17A4FC1BE}.Release|Any CPU.Build.0 = Release|Any CPU
		{C249780E-E225-486B-902F-C19F0A4F79BE}.Debug|Any CPU.ActiveCfg = Debug|Any CPU
		{C249780E-E225-486B-902F-C19F0A4F79BE}.Debug|Any CPU.Build.0 = Debug|Any CPU
		{C249780E-E225-486B-902F-C19F0A4F79BE}.Release|Any CPU.ActiveCfg = Release|Any CPU
		{C249780E-E225-486B-902F-C19F0A4F79BE}.Release|Any CPU.Build.0 = Release|Any CPU
	EndGlobalSection
	GlobalSection(SolutionProperties) = preSolution
		HideSolutionNode = FALSE
	EndGlobalSection
	GlobalSection(NestedProjects) = preSolution
		{4858C08E-B353-4B9F-B89A-C55D8E32E9D6} = {E0306695-B2F7-4F57-A7CD-CCE305C17447}
		{36BF1222-B860-47B0-A1E6-734740770CC2} = {8C179F7A-B3B8-4E1D-9437-6778D64F4CB8}
		{561B4332-4968-497C-B2D3-802D5BAC3E77} = {E0306695-B2F7-4F57-A7CD-CCE305C17447}
		{C9483AEB-491F-4A7D-98E2-84C30E3A4AD0} = {E0306695-B2F7-4F57-A7CD-CCE305C17447}
		{4E917918-693A-4522-970A-09A17A4FC1BE} = {E0306695-B2F7-4F57-A7CD-CCE305C17447}
		{C249780E-E225-486B-902F-C19F0A4F79BE} = {E0306695-B2F7-4F57-A7CD-CCE305C17447}
	EndGlobalSection
	GlobalSection(ExtensibilityGlobals) = postSolution
		SolutionGuid = {A570AF29-C7D9-4B78-86B1-E341D27585AE}
	EndGlobalSection
EndGlobal
